// !$*UTF8*$!
{
	archiveVersion = 1;
	classes = {
	};
	objectVersion = 56;
	objects = {

/* Begin PBXBuildFile section */
		AA00000000000000000001 /* GlimpseApp.swift in Sources */ = {isa = PBXBuildFile; fileRef = AA00000000000000000010 /* GlimpseApp.swift */; };
		AA00000000000000000002 /* Assets.xcassets in Resources */ = {isa = PBXBuildFile; fileRef = AA00000000000000000011 /* Assets.xcassets */; };
		DD00000000000000000005 /* PrivacyInfo.xcprivacy in Resources */ = {isa = PBXBuildFile; fileRef = DD00000000000000000014 /* PrivacyInfo.xcprivacy */; };
		AA00000000000000000003 /* CalendarPopoverView.swift in Sources */ = {isa = PBXBuildFile; fileRef = AA00000000000000000015 /* CalendarPopoverView.swift */; };
		AA00000000000000000004 /* DateIconRenderer.swift in Sources */ = {isa = PBXBuildFile; fileRef = AA00000000000000000016 /* DateIconRenderer.swift */; };
		AA00000000000000000006 /* PreferencesView.swift in Sources */ = {isa = PBXBuildFile; fileRef = AA00000000000000000018 /* PreferencesView.swift */; };
		AA00000000000000000008 /* CalendarPanel.swift in Sources */ = {isa = PBXBuildFile; fileRef = AA0000000000000000001A /* CalendarPanel.swift */; };
		AA00000000000000000009 /* CalendarStatusItem.swift in Sources */ = {isa = PBXBuildFile; fileRef = AA0000000000000000001B /* CalendarStatusItem.swift */; };
		AA0000000000000000000A /* StatusItemView.swift in Sources */ = {isa = PBXBuildFile; fileRef = AA0000000000000000001C /* StatusItemView.swift */; };
		DD00000000000000000030 /* StatusItemPreview.swift in Sources */ = {isa = PBXBuildFile; fileRef = DD00000000000000000031 /* StatusItemPreview.swift */; };
		AA0000000000000000000C /* AppDesign.swift in Sources */ = {isa = PBXBuildFile; fileRef = AA0000000000000000001E /* AppDesign.swift */; };
		AA0000000000000000000D /* AppLogger.swift in Sources */ = {isa = PBXBuildFile; fileRef = AA0000000000000000001F /* AppLogger.swift */; };
		DD00000000000000000001 /* GlobalHotkey.swift in Sources */ = {isa = PBXBuildFile; fileRef = DD00000000000000000010 /* GlobalHotkey.swift */; };
		DD00000000000000000002 /* AppIntents.swift in Sources */ = {isa = PBXBuildFile; fileRef = DD00000000000000000011 /* AppIntents.swift */; };
		DD00000000000000000003 /* AIDateHelper.swift in Sources */ = {isa = PBXBuildFile; fileRef = DD00000000000000000012 /* AIDateHelper.swift */; };
		DD00000000000000000007 /* SparkleUpdater.swift in Sources */ = {isa = PBXBuildFile; fileRef = DD00000000000000000016 /* SparkleUpdater.swift */; };
		DD00000000000000000008 /* ProxyProvider.swift in Sources */ = {isa = PBXBuildFile; fileRef = DD00000000000000000017 /* ProxyProvider.swift */; };
		DD0000000000000000000A /* ProxyConfig.swift in Sources */ = {isa = PBXBuildFile; fileRef = DD00000000000000000019 /* ProxyConfig.swift */; };
		DD00000000000000000009 /* DiagnosticsExport.swift in Sources */ = {isa = PBXBuildFile; fileRef = DD00000000000000000018 /* DiagnosticsExport.swift */; };
		DD0000000000000000000B /* AboutWindow.swift in Sources */ = {isa = PBXBuildFile; fileRef = DD0000000000000000001A /* AboutWindow.swift */; };
		DD00000000000000000006 /* MonthBorderShape.swift in Sources */ = {isa = PBXBuildFile; fileRef = DD00000000000000000015 /* MonthBorderShape.swift */; };
		CC00000000000000000001 /* GlimpseCore in Frameworks */ = {isa = PBXBuildFile; productRef = CC00000000000000000002 /* GlimpseCore */; };
		BB00000000000000000022 /* MonthBorderShapeTests.swift in Sources */ = {isa = PBXBuildFile; fileRef = BB00000000000000000012 /* MonthBorderShapeTests.swift */; };
		BB00000000000000000023 /* DateIconRendererTests.swift in Sources */ = {isa = PBXBuildFile; fileRef = BB00000000000000000013 /* DateIconRendererTests.swift */; };
		BB00000000000000000024 /* AppDesignTests.swift in Sources */ = {isa = PBXBuildFile; fileRef = BB00000000000000000014 /* AppDesignTests.swift */; };
/* End PBXBuildFile section */

/* Begin PBXContainerItemProxy section */
		BB0000000000000000000A /* PBXContainerItemProxy */ = {
			isa = PBXContainerItemProxy;
			containerPortal = AA00000000000000000050 /* Project object */;
			proxyType = 1;
			remoteGlobalIDString = AA00000000000000000040;
			remoteInfo = Glimpse;
		};
/* End PBXContainerItemProxy section */

/* Begin PBXFileReference section */
		AA00000000000000000010 /* GlimpseApp.swift */ = {isa = PBXFileReference; lastKnownFileType = sourcecode.swift; path = GlimpseApp.swift; sourceTree = "<group>"; };
		AA00000000000000000011 /* Assets.xcassets */ = {isa = PBXFileReference; lastKnownFileType = folder.assetcatalog; path = Assets.xcassets; sourceTree = "<group>"; };
		AA00000000000000000012 /* Info.plist */ = {isa = PBXFileReference; lastKnownFileType = text.plist.xml; path = Info.plist; sourceTree = "<group>"; };
		AA00000000000000000013 /* Glimpse.entitlements */ = {isa = PBXFileReference; lastKnownFileType = text.plist.entitlements; path = Glimpse.entitlements; sourceTree = "<group>"; };
		AA00000000000000000014 /* Glimpse.app */ = {isa = PBXFileReference; explicitFileType = wrapper.application; includeInIndex = 0; path = Glimpse.app; sourceTree = BUILT_PRODUCTS_DIR; };
		AA00000000000000000015 /* CalendarPopoverView.swift */ = {isa = PBXFileReference; lastKnownFileType = sourcecode.swift; path = CalendarPopoverView.swift; sourceTree = "<group>"; };
		AA00000000000000000016 /* DateIconRenderer.swift */ = {isa = PBXFileReference; lastKnownFileType = sourcecode.swift; path = DateIconRenderer.swift; sourceTree = "<group>"; };
		AA00000000000000000018 /* PreferencesView.swift */ = {isa = PBXFileReference; lastKnownFileType = sourcecode.swift; path = PreferencesView.swift; sourceTree = "<group>"; };
		AA0000000000000000001A /* CalendarPanel.swift */ = {isa = PBXFileReference; lastKnownFileType = sourcecode.swift; path = CalendarPanel.swift; sourceTree = "<group>"; };
		AA0000000000000000001B /* CalendarStatusItem.swift */ = {isa = PBXFileReference; lastKnownFileType = sourcecode.swift; path = CalendarStatusItem.swift; sourceTree = "<group>"; };
		AA0000000000000000001C /* StatusItemView.swift */ = {isa = PBXFileReference; lastKnownFileType = sourcecode.swift; path = StatusItemView.swift; sourceTree = "<group>"; };
		DD00000000000000000031 /* StatusItemPreview.swift */ = {isa = PBXFileReference; lastKnownFileType = sourcecode.swift; path = StatusItemPreview.swift; sourceTree = "<group>"; };
		AA0000000000000000001E /* AppDesign.swift */ = {isa = PBXFileReference; lastKnownFileType = sourcecode.swift; path = AppDesign.swift; sourceTree = "<group>"; };
		AA0000000000000000001F /* AppLogger.swift */ = {isa = PBXFileReference; lastKnownFileType = sourcecode.swift; path = AppLogger.swift; sourceTree = "<group>"; };
		DD00000000000000000010 /* GlobalHotkey.swift */ = {isa = PBXFileReference; lastKnownFileType = sourcecode.swift; path = GlobalHotkey.swift; sourceTree = "<group>"; };
		DD00000000000000000011 /* AppIntents.swift */ = {isa = PBXFileReference; lastKnownFileType = sourcecode.swift; path = AppIntents.swift; sourceTree = "<group>"; };
		DD00000000000000000012 /* AIDateHelper.swift */ = {isa = PBXFileReference; lastKnownFileType = sourcecode.swift; path = AIDateHelper.swift; sourceTree = "<group>"; };
		DD00000000000000000015 /* MonthBorderShape.swift */ = {isa = PBXFileReference; lastKnownFileType = sourcecode.swift; path = MonthBorderShape.swift; sourceTree = "<group>"; };
		DD00000000000000000016 /* SparkleUpdater.swift */ = {isa = PBXFileReference; lastKnownFileType = sourcecode.swift; path = SparkleUpdater.swift; sourceTree = "<group>"; };
		DD00000000000000000017 /* ProxyProvider.swift */ = {isa = PBXFileReference; lastKnownFileType = sourcecode.swift; path = ProxyProvider.swift; sourceTree = "<group>"; };
		DD00000000000000000019 /* ProxyConfig.swift */ = {isa = PBXFileReference; lastKnownFileType = sourcecode.swift; path = ProxyConfig.swift; sourceTree = "<group>"; };
		DD00000000000000000018 /* DiagnosticsExport.swift */ = {isa = PBXFileReference; lastKnownFileType = sourcecode.swift; path = DiagnosticsExport.swift; sourceTree = "<group>"; };
		DD0000000000000000001A /* AboutWindow.swift */ = {isa = PBXFileReference; lastKnownFileType = sourcecode.swift; path = AboutWindow.swift; sourceTree = "<group>"; };
		DD00000000000000000014 /* PrivacyInfo.xcprivacy */ = {isa = PBXFileReference; lastKnownFileType = text.xml; path = PrivacyInfo.xcprivacy; sourceTree = "<group>"; };
		BB00000000000000000007 /* GlimpseTests.xctest */ = {isa = PBXFileReference; explicitFileType = wrapper.cfbundle; includeInIndex = 0; path = GlimpseTests.xctest; sourceTree = BUILT_PRODUCTS_DIR; };
		BB00000000000000000012 /* MonthBorderShapeTests.swift */ = {isa = PBXFileReference; lastKnownFileType = sourcecode.swift; path = MonthBorderShapeTests.swift; sourceTree = "<group>"; };
		BB00000000000000000013 /* DateIconRendererTests.swift */ = {isa = PBXFileReference; lastKnownFileType = sourcecode.swift; path = DateIconRendererTests.swift; sourceTree = "<group>"; };
		BB00000000000000000014 /* AppDesignTests.swift */ = {isa = PBXFileReference; lastKnownFileType = sourcecode.swift; path = AppDesignTests.swift; sourceTree = "<group>"; };
/* End PBXFileReference section */

/* Begin PBXFrameworksBuildPhase section */
		AA00000000000000000020 /* Frameworks */ = {
			isa = PBXFrameworksBuildPhase;
			buildActionMask = 2147483647;
			files = (
				CC00000000000000000001 /* GlimpseCore in Frameworks */,
			);
			runOnlyForDeploymentPostprocessing = 0;
		};
		BB00000000000000000006 /* Frameworks */ = {
			isa = PBXFrameworksBuildPhase;
			buildActionMask = 2147483647;
			files = (
			);
			runOnlyForDeploymentPostprocessing = 0;
		};
/* End PBXFrameworksBuildPhase section */

/* Begin PBXGroup section */
		AA00000000000000000030 /* Root */ = {
			isa = PBXGroup;
			children = (
				AA00000000000000000031 /* Glimpse */,
				BB00000000000000000008 /* GlimpseTests */,
				AA00000000000000000032 /* Products */,
			);
			sourceTree = "<group>";
		};
		AA00000000000000000031 /* Glimpse */ = {
			isa = PBXGroup;
			children = (
				AA00000000000000000010 /* GlimpseApp.swift */,
				AA00000000000000000015 /* CalendarPopoverView.swift */,
				AA00000000000000000016 /* DateIconRenderer.swift */,
				AA00000000000000000018 /* PreferencesView.swift */,
				AA0000000000000000001A /* CalendarPanel.swift */,
				AA0000000000000000001B /* CalendarStatusItem.swift */,
				AA0000000000000000001C /* StatusItemView.swift */,
				DD00000000000000000031 /* StatusItemPreview.swift */,
				AA0000000000000000001E /* AppDesign.swift */,
				AA0000000000000000001F /* AppLogger.swift */,
				DD00000000000000000010 /* GlobalHotkey.swift */,
				DD00000000000000000011 /* AppIntents.swift */,
				DD00000000000000000012 /* AIDateHelper.swift */,
				DD00000000000000000015 /* MonthBorderShape.swift */,
				DD00000000000000000016 /* SparkleUpdater.swift */,
				DD00000000000000000017 /* ProxyProvider.swift */,
				DD00000000000000000019 /* ProxyConfig.swift */,
				DD00000000000000000018 /* DiagnosticsExport.swift */,
				DD0000000000000000001A /* AboutWindow.swift */,
				AA00000000000000000011 /* Assets.xcassets */,
				AA00000000000000000012 /* Info.plist */,
				AA00000000000000000013 /* Glimpse.entitlements */,
				DD00000000000000000014 /* PrivacyInfo.xcprivacy */,
			);
			path = Glimpse;
			sourceTree = "<group>";
		};
		AA00000000000000000032 /* Products */ = {
			isa = PBXGroup;
			children = (
				AA00000000000000000014 /* Glimpse.app */,
				BB00000000000000000007 /* GlimpseTests.xctest */,
			);
			name = Products;
			sourceTree = "<group>";
		};
		BB00000000000000000008 /* GlimpseTests */ = {
			isa = PBXGroup;
			children = (
				BB00000000000000000012 /* MonthBorderShapeTests.swift */,
				BB00000000000000000013 /* DateIconRendererTests.swift */,
				BB00000000000000000014 /* AppDesignTests.swift */,
			);
			name = GlimpseTests;
			path = GlimpseTests;
			sourceTree = "<group>";
		};
/* End PBXGroup section */

/* Begin PBXNativeTarget section */
		AA00000000000000000040 /* Glimpse */ = {
			isa = PBXNativeTarget;
			buildConfigurationList = AA00000000000000000060 /* Build configuration list for PBXNativeTarget "Glimpse" */;
			buildPhases = (
				AA00000000000000000041 /* Sources */,
				AA00000000000000000020 /* Frameworks */,
				AA00000000000000000042 /* Resources */,
			);
			buildRules = (
			);
			dependencies = (
			);
			name = Glimpse;
			packageProductDependencies = (
				CC00000000000000000002 /* GlimpseCore */,
			);
			productName = Glimpse;
			productReference = AA00000000000000000014 /* Glimpse.app */;
			productType = "com.apple.product-type.application";
		};
		BB00000000000000000001 /* GlimpseTests */ = {
			isa = PBXNativeTarget;
			buildConfigurationList = BB00000000000000000002 /* Build configuration list for PBXNativeTarget "GlimpseTests" */;
			buildPhases = (
				BB00000000000000000005 /* Sources */,
				BB00000000000000000006 /* Frameworks */,
			);
			buildRules = (
			);
			dependencies = (
				BB00000000000000000009 /* PBXTargetDependency */,
			);
			name = GlimpseTests;
			productName = GlimpseTests;
			productReference = BB00000000000000000007 /* GlimpseTests.xctest */;
			productType = "com.apple.product-type.bundle.unit-test";
		};
/* End PBXNativeTarget section */

/* Begin PBXProject section */
		AA00000000000000000050 /* Project object */ = {
			isa = PBXProject;
			attributes = {
				BuildIndependentTargetsInParallel = 1;
				LastSwiftUpdateCheck = 1500;
				LastUpgradeCheck = 1500;
			};
			buildConfigurationList = AA00000000000000000061 /* Build configuration list for PBXProject "Glimpse" */;
			compatibilityVersion = "Xcode 14.0";
			developmentRegion = en;
			hasScannedForEncodings = 0;
			knownRegions = (
				en,
				Base,
			);
			mainGroup = AA00000000000000000030 /* Root */;
			productRefGroup = AA00000000000000000032 /* Products */;
			projectDirPath = "";
			projectRoot = "";
			packageReferences = (
				CC00000000000000000003 /* XCLocalSwiftPackageReference "GlimpseCore" */,
			);
			targets = (
				AA00000000000000000040 /* Glimpse */,
				BB00000000000000000001 /* GlimpseTests */,
			);
		};
/* End PBXProject section */

/* Begin PBXResourcesBuildPhase section */
		AA00000000000000000042 /* Resources */ = {
			isa = PBXResourcesBuildPhase;
			buildActionMask = 2147483647;
			files = (
				AA00000000000000000002 /* Assets.xcassets in Resources */,
				DD00000000000000000005 /* PrivacyInfo.xcprivacy in Resources */,
			);
			runOnlyForDeploymentPostprocessing = 0;
		};
/* End PBXResourcesBuildPhase section */

/* Begin PBXSourcesBuildPhase section */
		AA00000000000000000041 /* Sources */ = {
			isa = PBXSourcesBuildPhase;
			buildActionMask = 2147483647;
			files = (
				AA00000000000000000001 /* GlimpseApp.swift in Sources */,
				AA00000000000000000003 /* CalendarPopoverView.swift in Sources */,
				AA00000000000000000004 /* DateIconRenderer.swift in Sources */,
				AA00000000000000000006 /* PreferencesView.swift in Sources */,
				AA00000000000000000008 /* CalendarPanel.swift in Sources */,
				AA00000000000000000009 /* CalendarStatusItem.swift in Sources */,
				AA0000000000000000000A /* StatusItemView.swift in Sources */,
				DD00000000000000000030 /* StatusItemPreview.swift in Sources */,
				AA0000000000000000000C /* AppDesign.swift in Sources */,
				AA0000000000000000000D /* AppLogger.swift in Sources */,
				DD00000000000000000001 /* GlobalHotkey.swift in Sources */,
				DD00000000000000000002 /* AppIntents.swift in Sources */,
				DD00000000000000000003 /* AIDateHelper.swift in Sources */,
				DD00000000000000000006 /* MonthBorderShape.swift in Sources */,
				DD00000000000000000007 /* SparkleUpdater.swift in Sources */,
				DD00000000000000000008 /* ProxyProvider.swift in Sources */,
				DD0000000000000000000A /* ProxyConfig.swift in Sources */,
				DD00000000000000000009 /* DiagnosticsExport.swift in Sources */,
				DD0000000000000000000B /* AboutWindow.swift in Sources */,
			);
			runOnlyForDeploymentPostprocessing = 0;
		};
		BB00000000000000000005 /* Sources */ = {
			isa = PBXSourcesBuildPhase;
			buildActionMask = 2147483647;
			files = (
				BB00000000000000000022 /* MonthBorderShapeTests.swift in Sources */,
				BB00000000000000000023 /* DateIconRendererTests.swift in Sources */,
				BB00000000000000000024 /* AppDesignTests.swift in Sources */,
			);
			runOnlyForDeploymentPostprocessing = 0;
		};
/* End PBXSourcesBuildPhase section */

/* Begin PBXTargetDependency section */
		BB00000000000000000009 /* PBXTargetDependency */ = {
			isa = PBXTargetDependency;
			target = AA00000000000000000040 /* Glimpse */;
			targetProxy = BB0000000000000000000A /* PBXContainerItemProxy */;
		};
/* End PBXTargetDependency section */

/* Begin XCBuildConfiguration section */
		AA00000000000000000070 /* Debug */ = {
			isa = XCBuildConfiguration;
			buildSettings = {
				ALWAYS_SEARCH_USER_PATHS = NO;
				CLANG_ANALYZER_NONNULL = YES;
				CLANG_CXX_LANGUAGE_STANDARD = "gnu++20";
				CLANG_ENABLE_MODULES = YES;
				CLANG_ENABLE_OBJC_ARC = YES;
				COPY_PHASE_STRIP = NO;
				DEBUG_INFORMATION_FORMAT = dwarf;
				ENABLE_STRICT_OBJC_MSGSEND = YES;
				ENABLE_TESTABILITY = YES;
				GCC_DYNAMIC_NO_PIC = NO;
				GCC_OPTIMIZATION_LEVEL = 0;
				GCC_PREPROCESSOR_DEFINITIONS = (
					"DEBUG=1",
					"$(inherited)",
				);
				GCC_WARN_ABOUT_RETURN_TYPE = YES_ERROR;
				GCC_WARN_UNINITIALIZED_AUTOS = YES_AGGRESSIVE;
				MACOSX_DEPLOYMENT_TARGET = 14.0;
				MTL_ENABLE_DEBUG_INFO = INCLUDE_SOURCE;
				ONLY_ACTIVE_ARCH = YES;
				SDKROOT = macosx;
				SWIFT_ACTIVE_COMPILATION_CONDITIONS = DEBUG;
				SWIFT_OPTIMIZATION_LEVEL = "-Onone";
			};
			name = Debug;
		};
		AA00000000000000000071 /* Release */ = {
			isa = XCBuildConfiguration;
			buildSettings = {
				ALWAYS_SEARCH_USER_PATHS = NO;
				CLANG_ANALYZER_NONNULL = YES;
				CLANG_CXX_LANGUAGE_STANDARD = "gnu++20";
				CLANG_ENABLE_MODULES = YES;
				CLANG_ENABLE_OBJC_ARC = YES;
				COPY_PHASE_STRIP = NO;
				DEBUG_INFORMATION_FORMAT = "dwarf-with-dsym";
				ENABLE_NS_ASSERTIONS = NO;
				ENABLE_STRICT_OBJC_MSGSEND = YES;
				GCC_WARN_ABOUT_RETURN_TYPE = YES_ERROR;
				GCC_WARN_UNINITIALIZED_AUTOS = YES_AGGRESSIVE;
				MACOSX_DEPLOYMENT_TARGET = 14.0;
				MTL_ENABLE_DEBUG_INFO = NO;
				SDKROOT = macosx;
				DEAD_CODE_STRIPPING = YES;
				ENABLE_HARDENED_RUNTIME = YES;
				SWIFT_COMPILATION_MODE = wholemodule;
				SWIFT_OPTIMIZATION_LEVEL = "-O";
				VALIDATE_PRODUCT = YES;
			};
			name = Release;
		};
		AA00000000000000000072 /* Debug */ = {
			isa = XCBuildConfiguration;
			buildSettings = {
				ASSETCATALOG_COMPILER_APPICON_NAME = AppIcon;
				CODE_SIGN_ENTITLEMENTS = Glimpse/Glimpse.entitlements;
				CODE_SIGN_STYLE = Automatic;
				COMBINE_HIDPI_IMAGES = YES;
				CURRENT_PROJECT_VERSION = 7;
				GENERATE_INFOPLIST_FILE = NO;
				INFOPLIST_FILE = Glimpse/Info.plist;
				INFOPLIST_KEY_NSHumanReadableCopyright = "";
				LD_RUNPATH_SEARCH_PATHS = (
					"$(inherited)",
					"@executable_path/../Frameworks",
				);
				MARKETING_VERSION = 1.4.0;
				PRODUCT_BUNDLE_IDENTIFIER = com.rohit.Glimpse;
				PRODUCT_MODULE_NAME = Glimpse;
				PRODUCT_NAME = Glimpse;
				SWIFT_EMIT_LOC_STRINGS = YES;
				SWIFT_STRICT_CONCURRENCY = complete;
				SWIFT_VERSION = 6.0;
			};
			name = Debug;
		};
		AA00000000000000000073 /* Release */ = {
			isa = XCBuildConfiguration;
			buildSettings = {
				ASSETCATALOG_COMPILER_APPICON_NAME = AppIcon;
				CODE_SIGN_ENTITLEMENTS = Glimpse/Glimpse.entitlements;
				CODE_SIGN_STYLE = Automatic;
				COMBINE_HIDPI_IMAGES = YES;
				CURRENT_PROJECT_VERSION = 7;
				GENERATE_INFOPLIST_FILE = NO;
				INFOPLIST_FILE = Glimpse/Info.plist;
				INFOPLIST_KEY_NSHumanReadableCopyright = "";
				LD_RUNPATH_SEARCH_PATHS = (
					"$(inherited)",
					"@executable_path/../Frameworks",
				);
				MARKETING_VERSION = 1.4.0;
				PRODUCT_BUNDLE_IDENTIFIER = com.rohit.Glimpse;
				PRODUCT_MODULE_NAME = Glimpse;
				PRODUCT_NAME = Glimpse;
				SWIFT_EMIT_LOC_STRINGS = YES;
				SWIFT_STRICT_CONCURRENCY = complete;
				SWIFT_VERSION = 6.0;
			};
			name = Release;
		};
		BB00000000000000000003 /* Debug */ = {
			isa = XCBuildConfiguration;
			buildSettings = {
				BUNDLE_LOADER = "$(TEST_HOST)";
				CODE_SIGN_STYLE = Automatic;
				CURRENT_PROJECT_VERSION = 7;
				GENERATE_INFOPLIST_FILE = YES;
				MARKETING_VERSION = 1.4.0;
				PRODUCT_BUNDLE_IDENTIFIER = com.rohit.GlimpseTests;
				PRODUCT_NAME = "$(TARGET_NAME)";
				SWIFT_EMIT_LOC_STRINGS = NO;
				SWIFT_STRICT_CONCURRENCY = complete;
				SWIFT_VERSION = 6.0;
				TEST_HOST = "$(BUILT_PRODUCTS_DIR)/Glimpse.app/Contents/MacOS/Glimpse";
			};
			name = Debug;
		};
		BB00000000000000000004 /* Release */ = {
			isa = XCBuildConfiguration;
			buildSettings = {
				BUNDLE_LOADER = "$(TEST_HOST)";
				CODE_SIGN_STYLE = Automatic;
				CURRENT_PROJECT_VERSION = 7;
				GENERATE_INFOPLIST_FILE = YES;
				MARKETING_VERSION = 1.4.0;
				PRODUCT_BUNDLE_IDENTIFIER = com.rohit.GlimpseTests;
				PRODUCT_NAME = "$(TARGET_NAME)";
				SWIFT_EMIT_LOC_STRINGS = NO;
				SWIFT_STRICT_CONCURRENCY = complete;
				SWIFT_VERSION = 6.0;
				TEST_HOST = "$(BUILT_PRODUCTS_DIR)/Glimpse.app/Contents/MacOS/Glimpse";
			};
			name = Release;
		};
/* End XCBuildConfiguration section */

/* Begin XCConfigurationList section */
		AA00000000000000000060 /* Build configuration list for PBXNativeTarget "Glimpse" */ = {
			isa = XCConfigurationList;
			buildConfigurations = (
				AA00000000000000000072 /* Debug */,
				AA00000000000000000073 /* Release */,
			);
			defaultConfigurationIsVisible = 0;
			defaultConfigurationName = Release;
		};
		AA00000000000000000061 /* Build configuration list for PBXProject "Glimpse" */ = {
			isa = XCConfigurationList;
			buildConfigurations = (
				AA00000000000000000070 /* Debug */,
				AA00000000000000000071 /* Release */,
			);
			defaultConfigurationIsVisible = 0;
			defaultConfigurationName = Release;
		};
		BB00000000000000000002 /* Build configuration list for PBXNativeTarget "GlimpseTests" */ = {
			isa = XCConfigurationList;
			buildConfigurations = (
				BB00000000000000000003 /* Debug */,
				BB00000000000000000004 /* Release */,
			);
			defaultConfigurationIsVisible = 0;
			defaultConfigurationName = Release;
		};
/* End XCConfigurationList section */

/* Begin XCLocalSwiftPackageReference section */
		CC00000000000000000003 /* XCLocalSwiftPackageReference "GlimpseCore" */ = {
			isa = XCLocalSwiftPackageReference;
			relativePath = GlimpseCore;
		};
/* End XCLocalSwiftPackageReference section */

/* Begin XCSwiftPackageProductDependency section */
		CC00000000000000000002 /* GlimpseCore */ = {
			isa = XCSwiftPackageProductDependency;
			productName = GlimpseCore;
		};
/* End XCSwiftPackageProductDependency section */

	};
	rootObject = AA00000000000000000050 /* Project object */;
}
